
Microsoft Visual Studio Solution File, Format Version 12.00
# Visual Studio 15
VisualStudioVersion = 15.0.28307.421
MinimumVisualStudioVersion = 10.0.40219.1
Project("{9A19103F-16F7-4668-BE54-9A1E7A4F7556}") = "Cooking Masterclass", "Cooking Masterclass\Cooking Masterclass.csproj", "{271658F5-05B7-40F6-BBEF-46D556EDA648}"
EndProject
Project("{9A19103F-16F7-4668-BE54-9A1E7A4F7556}") = "Bread Factory", "Bread Factory\Bread Factory.csproj", "{AE001AE9-51FD-4238-97AA-F42225C6718E}"
EndProject
Project("{9A19103F-16F7-4668-BE54-9A1E7A4F7556}") = "Cooking Factory", "Cooking Factory\Cooking Factory.csproj", "{3CEA8385-4676-40FA-8E22-92D2A2B243CD}"
EndProject
Project("{9A19103F-16F7-4668-BE54-9A1E7A4F7556}") = "Christmas Spirit", "Christmas Spirit\Christmas Spirit.csproj", "{DABFCF97-E26D-497C-8BAD-60871BC28635}"
EndProject
Project("{9A19103F-16F7-4668-BE54-9A1E7A4F7556}") = "Santa's List", "Santa's List\Santa's List.csproj", "{79980C78-3463-4C7A-88D4-C0FFF6635143}"
EndProject
Project("{9A19103F-16F7-4668-BE54-9A1E7A4F7556}") = "Present Delivery", "Present Delivery\Present Delivery.csproj", "{8A5A5B19-6013-499D-A01A-20B57DC4934F}"
EndProject
Project("{9A19103F-16F7-4668-BE54-9A1E7A4F7556}") = "Party Profit", "Party Profit\Party Profit.csproj", "{3330D957-BB92-41C7-8756-478FB71FEB1B}"
EndProject
Project("{9A19103F-16F7-4668-BE54-9A1E7A4F7556}") = "Dungeonest Dark", "Dungeonest Dark\Dungeonest Dark.csproj", "{2DA94B12-4034-4DDA-8C9B-269BA0E1C42F}"
EndProject
Project("{9A19103F-16F7-4668-BE54-9A1E7A4F7556}") = "Quests Journal", "Quests Journal\Quests Journal.csproj", "{AD9798AC-4169-461E-9077-88EE7210C779}"
EndProject
Project("{FAE04EC0-301F-11D3-BF4B-00C04F79EFBC}") = "Sweet Dessert", "Sweet Dessert\Sweet Dessert.csproj", "{E020EDB9-7EFC-4422-BDD1-7F5D3A261691}"
EndProject
Project("{FAE04EC0-301F-11D3-BF4B-00C04F79EFBC}") = "Array Modifier", "Array Modifier\Array Modifier.csproj", "{4914C5EC-FDE8-40B2-92B4-B5A4755610BB}"
EndProject
Project("{FAE04EC0-301F-11D3-BF4B-00C04F79EFBC}") = "Google Seaches", "Google Seaches\Google Seaches.csproj", "{A8163F2A-1C4B-45DD-A526-59DBB85D8E1A}"
EndProject
Project("{FAE04EC0-301F-11D3-BF4B-00C04F79EFBC}") = "Chat Logger", "Chat Logger\Chat Logger.csproj", "{1D8C3F47-4E22-4EBC-8598-A6B146F2BD21}"
EndProject
Global
	GlobalSection(SolutionConfigurationPlatforms) = preSolution
		Debug|Any CPU = Debug|Any CPU
		Release|Any CPU = Release|Any CPU
	EndGlobalSection
	GlobalSection(ProjectConfigurationPlatforms) = postSolution
		{271658F5-05B7-40F6-BBEF-46D556EDA648}.Debug|Any CPU.ActiveCfg = Debug|Any CPU
		{271658F5-05B7-40F6-BBEF-46D556EDA648}.Debug|Any CPU.Build.0 = Debug|Any CPU
		{271658F5-05B7-40F6-BBEF-46D556EDA648}.Release|Any CPU.ActiveCfg = Release|Any CPU
		{271658F5-05B7-40F6-BBEF-46D556EDA648}.Release|Any CPU.Build.0 = Release|Any CPU
		{AE001AE9-51FD-4238-97AA-F42225C6718E}.Debug|Any CPU.ActiveCfg = Debug|Any CPU
		{AE001AE9-51FD-4238-97AA-F42225C6718E}.Debug|Any CPU.Build.0 = Debug|Any CPU
		{AE001AE9-51FD-4238-97AA-F42225C6718E}.Release|Any CPU.ActiveCfg = Release|Any CPU
		{AE001AE9-51FD-4238-97AA-F42225C6718E}.Release|Any CPU.Build.0 = Release|Any CPU
		{3CEA8385-4676-40FA-8E22-92D2A2B243CD}.Debug|Any CPU.ActiveCfg = Debug|Any CPU
		{3CEA8385-4676-40FA-8E22-92D2A2B243CD}.Debug|Any CPU.Build.0 = Debug|Any CPU
		{3CEA8385-4676-40FA-8E22-92D2A2B243CD}.Release|Any CPU.ActiveCfg = Release|Any CPU
		{3CEA8385-4676-40FA-8E22-92D2A2B243CD}.Release|Any CPU.Build.0 = Release|Any CPU
		{DABFCF97-E26D-497C-8BAD-60871BC28635}.Debug|Any CPU.ActiveCfg = Debug|Any CPU
		{DABFCF97-E26D-497C-8BAD-60871BC28635}.Debug|Any CPU.Build.0 = Debug|Any CPU
		{DABFCF97-E26D-497C-8BAD-60871BC28635}.Release|Any CPU.ActiveCfg = Release|Any CPU
		{DABFCF97-E26D-497C-8BAD-60871BC28635}.Release|Any CPU.Build.0 = Release|Any CPU
		{79980C78-3463-4C7A-88D4-C0FFF6635143}.Debug|Any CPU.ActiveCfg = Debug|Any CPU
		{79980C78-3463-4C7A-88D4-C0FFF6635143}.Debug|Any CPU.Build.0 = Debug|Any CPU
		{79980C78-3463-4C7A-88D4-C0FFF6635143}.Release|Any CPU.ActiveCfg = Release|Any CPU
		{79980C78-3463-4C7A-88D4-C0FFF6635143}.Release|Any CPU.Build.0 = Release|Any CPU
		{8A5A5B19-6013-499D-A01A-20B57DC4934F}.Debug|Any CPU.ActiveCfg = Debug|Any CPU
		{8A5A5B19-6013-499D-A01A-20B57DC4934F}.Debug|Any CPU.Build.0 = Debug|Any CPU
		{8A5A5B19-6013-499D-A01A-20B57DC4934F}.Release|Any CPU.ActiveCfg = Release|Any CPU
		{8A5A5B19-6013-499D-A01A-20B57DC4934F}.Release|Any CPU.Build.0 = Release|Any CPU
		{3330D957-BB92-41C7-8756-478FB71FEB1B}.Debug|Any CPU.ActiveCfg = Debug|Any CPU
		{3330D957-BB92-41C7-8756-478FB71FEB1B}.Debug|Any CPU.Build.0 = Debug|Any CPU
		{3330D957-BB92-41C7-8756-478FB71FEB1B}.Release|Any CPU.ActiveCfg = Release|Any CPU
		{3330D957-BB92-41C7-8756-478FB71FEB1B}.Release|Any CPU.Build.0 = Release|Any CPU
		{2DA94B12-4034-4DDA-8C9B-269BA0E1C42F}.Debug|Any CPU.ActiveCfg = Debug|Any CPU
		{2DA94B12-4034-4DDA-8C9B-269BA0E1C42F}.Debug|Any CPU.Build.0 = Debug|Any CPU
		{2DA94B12-4034-4DDA-8C9B-269BA0E1C42F}.Release|Any CPU.ActiveCfg = Release|Any CPU
		{2DA94B12-4034-4DDA-8C9B-269BA0E1C42F}.Release|Any CPU.Build.0 = Release|Any CPU
		{AD9798AC-4169-461E-9077-88EE7210C779}.Debug|Any CPU.ActiveCfg = Debug|Any CPU
		{AD9798AC-4169-461E-9077-88EE7210C779}.Debug|Any CPU.Build.0 = Debug|Any CPU
		{AD9798AC-4169-461E-9077-88EE7210C779}.Release|Any CPU.ActiveCfg = Release|Any CPU
		{AD9798AC-4169-461E-9077-88EE7210C779}.Release|Any CPU.Build.0 = Release|Any CPU
		{E020EDB9-7EFC-4422-BDD1-7F5D3A261691}.Debug|Any CPU.ActiveCfg = Debug|Any CPU
		{E020EDB9-7EFC-4422-BDD1-7F5D3A261691}.Debug|Any CPU.Build.0 = Debug|Any CPU
		{E020EDB9-7EFC-4422-BDD1-7F5D3A261691}.Release|Any CPU.ActiveCfg = Release|Any CPU
		{E020EDB9-7EFC-4422-BDD1-7F5D3A261691}.Release|Any CPU.Build.0 = Release|Any CPU
		{4914C5EC-FDE8-40B2-92B4-B5A4755610BB}.Debug|Any CPU.ActiveCfg = Debug|Any CPU
		{4914C5EC-FDE8-40B2-92B4-B5A4755610BB}.Debug|Any CPU.Build.0 = Debug|Any CPU
		{4914C5EC-FDE8-40B2-92B4-B5A4755610BB}.Release|Any CPU.ActiveCfg = Release|Any CPU
		{4914C5EC-FDE8-40B2-92B4-B5A4755610BB}.Release|Any CPU.Build.0 = Release|Any CPU
		{A8163F2A-1C4B-45DD-A526-59DBB85D8E1A}.Debug|Any CPU.ActiveCfg = Debug|Any CPU
		{A8163F2A-1C4B-45DD-A526-59DBB85D8E1A}.Debug|Any CPU.Build.0 = Debug|Any CPU
		{A8163F2A-1C4B-45DD-A526-59DBB85D8E1A}.Release|Any CPU.ActiveCfg = Release|Any CPU
		{A8163F2A-1C4B-45DD-A526-59DBB85D8E1A}.Release|Any CPU.Build.0 = Release|Any CPU
		{1D8C3F47-4E22-4EBC-8598-A6B146F2BD21}.Debug|Any CPU.ActiveCfg = Debug|Any CPU
		{1D8C3F47-4E22-4EBC-8598-A6B146F2BD21}.Debug|Any CPU.Build.0 = Debug|Any CPU
		{1D8C3F47-4E22-4EBC-8598-A6B146F2BD21}.Release|Any CPU.ActiveCfg = Release|Any CPU
		{1D8C3F47-4E22-4EBC-8598-A6B146F2BD21}.Release|Any CPU.Build.0 = Release|Any CPU
	EndGlobalSection
	GlobalSection(SolutionProperties) = preSolution
		HideSolutionNode = FALSE
	EndGlobalSection
	GlobalSection(ExtensibilityGlobals) = postSolution
		SolutionGuid = {D1395A49-83DE-49FF-AEA7-EAA6B70EDDCB}
	EndGlobalSection
EndGlobal
